
Microsoft Visual Studio Solution File, Format Version 12.00
# Visual Studio Version 17
VisualStudioVersion = 17.10.34928.147
MinimumVisualStudioVersion = 10.0.40219.1
Project("{9A19103F-16F7-4668-BE54-9A1E7A4F7556}") = "EMS.Server", "EMS.Server\EMS.Server.csproj", "{82A4BF9E-F64A-4491-9C3B-EB6B5944A007}"
EndProject
Project("{54A90642-561A-4BB1-A94E-469ADEE60C69}") = "ems.client", "ems.client\ems.client.esproj", "{AC5D4F99-C2C3-492E-A7E5-3DD1EED7F504}"
EndProject
Project("{FAE04EC0-301F-11D3-BF4B-00C04F79EFBC}") = "EMS.Domain", "EMS.Domain\EMS.Domain.csproj", "{DCBAA4CD-8CA4-4524-BC2A-6B30EBF2F4F9}"
EndProject
Project("{FAE04EC0-301F-11D3-BF4B-00C04F79EFBC}") = "EMS.Application", "EMS.Application\EMS.Application.csproj", "{6D539388-7393-4B8B-AEBA-B8720AA8D9A8}"
EndProject
Project("{FAE04EC0-301F-11D3-BF4B-00C04F79EFBC}") = "EMS.Infrastructure", "EMS.Infrastructure\EMS.Infrastructure.csproj", "{40343E15-A4C5-4C15-AF64-5CA357A308C6}"
EndProject
Global
	GlobalSection(SolutionConfigurationPlatforms) = preSolution
		Debug|Any CPU = Debug|Any CPU
		Release|Any CPU = Release|Any CPU
	EndGlobalSection
	GlobalSection(ProjectConfigurationPlatforms) = postSolution
		{82A4BF9E-F64A-4491-9C3B-EB6B5944A007}.Debug|Any CPU.ActiveCfg = Debug|Any CPU
		{82A4BF9E-F64A-4491-9C3B-EB6B5944A007}.Debug|Any CPU.Build.0 = Debug|Any CPU
		{82A4BF9E-F64A-4491-9C3B-EB6B5944A007}.Release|Any CPU.ActiveCfg = Release|Any CPU
		{82A4BF9E-F64A-4491-9C3B-EB6B5944A007}.Release|Any CPU.Build.0 = Release|Any CPU
		{AC5D4F99-C2C3-492E-A7E5-3DD1EED7F504}.Debug|Any CPU.ActiveCfg = Debug|Any CPU
		{AC5D4F99-C2C3-492E-A7E5-3DD1EED7F504}.Debug|Any CPU.Build.0 = Debug|Any CPU
		{AC5D4F99-C2C3-492E-A7E5-3DD1EED7F504}.Debug|Any CPU.Deploy.0 = Debug|Any CPU
		{AC5D4F99-C2C3-492E-A7E5-3DD1EED7F504}.Release|Any CPU.ActiveCfg = Release|Any CPU
		{AC5D4F99-C2C3-492E-A7E5-3DD1EED7F504}.Release|Any CPU.Build.0 = Release|Any CPU
		{AC5D4F99-C2C3-492E-A7E5-3DD1EED7F504}.Release|Any CPU.Deploy.0 = Release|Any CPU
		{DCBAA4CD-8CA4-4524-BC2A-6B30EBF2F4F9}.Debug|Any CPU.ActiveCfg = Debug|Any CPU
		{DCBAA4CD-8CA4-4524-BC2A-6B30EBF2F4F9}.Debug|Any CPU.Build.0 = Debug|Any CPU
		{DCBAA4CD-8CA4-4524-BC2A-6B30EBF2F4F9}.Release|Any CPU.ActiveCfg = Release|Any CPU
		{DCBAA4CD-8CA4-4524-BC2A-6B30EBF2F4F9}.Release|Any CPU.Build.0 = Release|Any CPU
		{6D539388-7393-4B8B-AEBA-B8720AA8D9A8}.Debug|Any CPU.ActiveCfg = Debug|Any CPU
		{6D539388-7393-4B8B-AEBA-B8720AA8D9A8}.Debug|Any CPU.Build.0 = Debug|Any CPU
		{6D539388-7393-4B8B-AEBA-B8720AA8D9A8}.Release|Any CPU.ActiveCfg = Release|Any CPU
		{6D539388-7393-4B8B-AEBA-B8720AA8D9A8}.Release|Any CPU.Build.0 = Release|Any CPU
		{40343E15-A4C5-4C15-AF64-5CA357A308C6}.Debug|Any CPU.ActiveCfg = Debug|Any CPU
		{40343E15-A4C5-4C15-AF64-5CA357A308C6}.Debug|Any CPU.Build.0 = Debug|Any CPU
		{40343E15-A4C5-4C15-AF64-5CA357A308C6}.Release|Any CPU.ActiveCfg = Release|Any CPU
		{40343E15-A4C5-4C15-AF64-5CA357A308C6}.Release|Any CPU.Build.0 = Release|Any CPU
	EndGlobalSection
	GlobalSection(SolutionProperties) = preSolution
		HideSolutionNode = FALSE
	EndGlobalSection
	GlobalSection(ExtensibilityGlobals) = postSolution
		SolutionGuid = {65F16D43-99C7-48D3-B37C-5EA05BF99E02}
	EndGlobalSection
EndGlobal
